// !$*UTF8*$!
{
	archiveVersion = 1;
	classes = {
	};
	objectVersion = 48;
	objects = {

/* Begin PBXBuildFile section */
		47AD30371FB6315500A911D9 /* AppDelegate.swift in Sources */ = {isa = PBXBuildFile; fileRef = 47AD30361FB6315500A911D9 /* AppDelegate.swift */; };
		47AD30391FB6315500A911D9 /* ViewController.swift in Sources */ = {isa = PBXBuildFile; fileRef = 47AD30381FB6315500A911D9 /* ViewController.swift */; };
		47AD303C1FB6315500A911D9 /* Main.storyboard in Resources */ = {isa = PBXBuildFile; fileRef = 47AD303A1FB6315500A911D9 /* Main.storyboard */; };
		47AD303E1FB6315500A911D9 /* Assets.xcassets in Resources */ = {isa = PBXBuildFile; fileRef = 47AD303D1FB6315500A911D9 /* Assets.xcassets */; };
		47AD30411FB6315500A911D9 /* LaunchScreen.storyboard in Resources */ = {isa = PBXBuildFile; fileRef = 47AD303F1FB6315500A911D9 /* LaunchScreen.storyboard */; };
		47AD304C1FB6315600A911D9 /* BoardTimerTests.swift in Sources */ = {isa = PBXBuildFile; fileRef = 47AD304B1FB6315600A911D9 /* BoardTimerTests.swift */; };
		47AD30591FB635DB00A911D9 /* TimerManager.swift in Sources */ = {isa = PBXBuildFile; fileRef = 47AD30581FB635DB00A911D9 /* TimerManager.swift */; };
		47AD305B1FB6360200A911D9 /* Player.swift in Sources */ = {isa = PBXBuildFile; fileRef = 47AD305A1FB6360200A911D9 /* Player.swift */; };
/* End PBXBuildFile section */

/* Begin PBXContainerItemProxy section */
		47AD30481FB6315600A911D9 /* PBXContainerItemProxy */ = {
			isa = PBXContainerItemProxy;
			containerPortal = 47AD302B1FB6315500A911D9 /* Project object */;
			proxyType = 1;
			remoteGlobalIDString = 47AD30321FB6315500A911D9;
			remoteInfo = BoardTimer;
		};
/* End PBXContainerItemProxy section */

/* Begin PBXFileReference section */
		47AD30331FB6315500A911D9 /* BoardTimer.app */ = {isa = PBXFileReference; explicitFileType = wrapper.application; includeInIndex = 0; path = BoardTimer.app; sourceTree = BUILT_PRODUCTS_DIR; };
		47AD30361FB6315500A911D9 /* AppDelegate.swift */ = {isa = PBXFileReference; lastKnownFileType = sourcecode.swift; path = AppDelegate.swift; sourceTree = "<group>"; };
		47AD30381FB6315500A911D9 /* ViewController.swift */ = {isa = PBXFileReference; lastKnownFileType = sourcecode.swift; path = ViewController.swift; sourceTree = "<group>"; };
		47AD303B1FB6315500A911D9 /* Base */ = {isa = PBXFileReference; lastKnownFileType = file.storyboard; name = Base; path = Base.lproj/Main.storyboard; sourceTree = "<group>"; };
		47AD303D1FB6315500A911D9 /* Assets.xcassets */ = {isa = PBXFileReference; lastKnownFileType = folder.assetcatalog; path = Assets.xcassets; sourceTree = "<group>"; };
		47AD30401FB6315500A911D9 /* Base */ = {isa = PBXFileReference; lastKnownFileType = file.storyboard; name = Base; path = Base.lproj/LaunchScreen.storyboard; sourceTree = "<group>"; };
		47AD30421FB6315500A911D9 /* Info.plist */ = {isa = PBXFileReference; lastKnownFileType = text.plist.xml; path = Info.plist; sourceTree = "<group>"; };
		47AD30471FB6315600A911D9 /* BoardTimerTests.xctest */ = {isa = PBXFileReference; explicitFileType = wrapper.cfbundle; includeInIndex = 0; path = BoardTimerTests.xctest; sourceTree = BUILT_PRODUCTS_DIR; };
		47AD304B1FB6315600A911D9 /* BoardTimerTests.swift */ = {isa = PBXFileReference; lastKnownFileType = sourcecode.swift; path = BoardTimerTests.swift; sourceTree = "<group>"; };
		47AD304D1FB6315600A911D9 /* Info.plist */ = {isa = PBXFileReference; lastKnownFileType = text.plist.xml; path = Info.plist; sourceTree = "<group>"; };
		47AD30581FB635DB00A911D9 /* TimerManager.swift */ = {isa = PBXFileReference; lastKnownFileType = sourcecode.swift; path = TimerManager.swift; sourceTree = "<group>"; };
		47AD305A1FB6360200A911D9 /* Player.swift */ = {isa = PBXFileReference; lastKnownFileType = sourcecode.swift; path = Player.swift; sourceTree = "<group>"; };
/* End PBXFileReference section */

/* Begin PBXFrameworksBuildPhase section */
		47AD30301FB6315500A911D9 /* Frameworks */ = {
			isa = PBXFrameworksBuildPhase;
			buildActionMask = 2147483647;
			files = (
			);
			runOnlyForDeploymentPostprocessing = 0;
		};
		47AD30441FB6315600A911D9 /* Frameworks */ = {
			isa = PBXFrameworksBuildPhase;
			buildActionMask = 2147483647;
			files = (
			);
			runOnlyForDeploymentPostprocessing = 0;
		};
/* End PBXFrameworksBuildPhase section */

/* Begin PBXGroup section */
		47AD302A1FB6315500A911D9 = {
			isa = PBXGroup;
			children = (
				47AD30351FB6315500A911D9 /* BoardTimer */,
				47AD304A1FB6315600A911D9 /* BoardTimerTests */,
				47AD30341FB6315500A911D9 /* Products */,
			);
			sourceTree = "<group>";
		};
		47AD30341FB6315500A911D9 /* Products */ = {
			isa = PBXGroup;
			children = (
				47AD30331FB6315500A911D9 /* BoardTimer.app */,
				47AD30471FB6315600A911D9 /* BoardTimerTests.xctest */,
			);
			name = Products;
			sourceTree = "<group>";
		};
		47AD30351FB6315500A911D9 /* BoardTimer */ = {
			isa = PBXGroup;
			children = (
				47AD30361FB6315500A911D9 /* AppDelegate.swift */,
				47AD30381FB6315500A911D9 /* ViewController.swift */,
				47AD30581FB635DB00A911D9 /* TimerManager.swift */,
				47AD305A1FB6360200A911D9 /* Player.swift */,
				47AD303A1FB6315500A911D9 /* Main.storyboard */,
				47AD303D1FB6315500A911D9 /* Assets.xcassets */,
				47AD303F1FB6315500A911D9 /* LaunchScreen.storyboard */,
				47AD30421FB6315500A911D9 /* Info.plist */,
			);
			path = BoardTimer;
			sourceTree = "<group>";
		};
		47AD304A1FB6315600A911D9 /* BoardTimerTests */ = {
			isa = PBXGroup;
			children = (
				47AD304B1FB6315600A911D9 /* BoardTimerTests.swift */,
				47AD304D1FB6315600A911D9 /* Info.plist */,
			);
			path = BoardTimerTests;
			sourceTree = "<group>";
		};
/* End PBXGroup section */

/* Begin PBXNativeTarget section */
		47AD30321FB6315500A911D9 /* BoardTimer */ = {
			isa = PBXNativeTarget;
			buildConfigurationList = 47AD30501FB6315600A911D9 /* Build configuration list for PBXNativeTarget "BoardTimer" */;
			buildPhases = (
				47AD302F1FB6315500A911D9 /* Sources */,
				47AD30301FB6315500A911D9 /* Frameworks */,
				47AD30311FB6315500A911D9 /* Resources */,
			);
			buildRules = (
			);
			dependencies = (
			);
			name = BoardTimer;
			productName = BoardTimer;
			productReference = 47AD30331FB6315500A911D9 /* BoardTimer.app */;
			productType = "com.apple.product-type.application";
		};
		47AD30461FB6315600A911D9 /* BoardTimerTests */ = {
			isa = PBXNativeTarget;
			buildConfigurationList = 47AD30531FB6315600A911D9 /* Build configuration list for PBXNativeTarget "BoardTimerTests" */;
			buildPhases = (
				47AD30431FB6315600A911D9 /* Sources */,
				47AD30441FB6315600A911D9 /* Frameworks */,
				47AD30451FB6315600A911D9 /* Resources */,
			);
			buildRules = (
			);
			dependencies = (
				47AD30491FB6315600A911D9 /* PBXTargetDependency */,
			);
			name = BoardTimerTests;
			productName = BoardTimerTests;
			productReference = 47AD30471FB6315600A911D9 /* BoardTimerTests.xctest */;
			productType = "com.apple.product-type.bundle.unit-test";
		};
/* End PBXNativeTarget section */

/* Begin PBXProject section */
		47AD302B1FB6315500A911D9 /* Project object */ = {
			isa = PBXProject;
			attributes = {
				LastSwiftUpdateCheck = 0910;
				LastUpgradeCheck = 0910;
				ORGANIZATIONNAME = "Tiago Maia Lopes";
				TargetAttributes = {
					47AD30321FB6315500A911D9 = {
						CreatedOnToolsVersion = 9.1;
						ProvisioningStyle = Automatic;
					};
					47AD30461FB6315600A911D9 = {
						CreatedOnToolsVersion = 9.1;
						ProvisioningStyle = Automatic;
						TestTargetID = 47AD30321FB6315500A911D9;
					};
				};
			};
			buildConfigurationList = 47AD302E1FB6315500A911D9 /* Build configuration list for PBXProject "BoardTimer" */;
			compatibilityVersion = "Xcode 8.0";
			developmentRegion = en;
			hasScannedForEncodings = 0;
			knownRegions = (
				en,
				Base,
			);
			mainGroup = 47AD302A1FB6315500A911D9;
			productRefGroup = 47AD30341FB6315500A911D9 /* Products */;
			projectDirPath = "";
			projectRoot = "";
			targets = (
				47AD30321FB6315500A911D9 /* BoardTimer */,
				47AD30461FB6315600A911D9 /* BoardTimerTests */,
			);
		};
/* End PBXProject section */

/* Begin PBXResourcesBuildPhase section */
		47AD30311FB6315500A911D9 /* Resources */ = {
			isa = PBXResourcesBuildPhase;
			buildActionMask = 2147483647;
			files = (
				47AD30411FB6315500A911D9 /* LaunchScreen.storyboard in Resources */,
				47AD303E1FB6315500A911D9 /* Assets.xcassets in Resources */,
				47AD303C1FB6315500A911D9 /* Main.storyboard in Resources */,
			);
			runOnlyForDeploymentPostprocessing = 0;
		};
		47AD30451FB6315600A911D9 /* Resources */ = {
			isa = PBXResourcesBuildPhase;
			buildActionMask = 2147483647;
			files = (
			);
			runOnlyForDeploymentPostprocessing = 0;
		};
/* End PBXResourcesBuildPhase section */

/* Begin PBXSourcesBuildPhase section */
		47AD302F1FB6315500A911D9 /* Sources */ = {
			isa = PBXSourcesBuildPhase;
			buildActionMask = 2147483647;
			files = (
				47AD305B1FB6360200A911D9 /* Player.swift in Sources */,
				47AD30591FB635DB00A911D9 /* TimerManager.swift in Sources */,
				47AD30391FB6315500A911D9 /* ViewController.swift in Sources */,
				47AD30371FB6315500A911D9 /* AppDelegate.swift in Sources */,
			);
			runOnlyForDeploymentPostprocessing = 0;
		};
		47AD30431FB6315600A911D9 /* Sources */ = {
			isa = PBXSourcesBuildPhase;
			buildActionMask = 2147483647;
			files = (
				47AD304C1FB6315600A911D9 /* BoardTimerTests.swift in Sources */,
			);
			runOnlyForDeploymentPostprocessing = 0;
		};
/* End PBXSourcesBuildPhase section */

/* Begin PBXTargetDependency section */
		47AD30491FB6315600A911D9 /* PBXTargetDependency */ = {
			isa = PBXTargetDependency;
			target = 47AD30321FB6315500A911D9 /* BoardTimer */;
			targetProxy = 47AD30481FB6315600A911D9 /* PBXContainerItemProxy */;
		};
/* End PBXTargetDependency section */

/* Begin PBXVariantGroup section */
		47AD303A1FB6315500A911D9 /* Main.storyboard */ = {
			isa = PBXVariantGroup;
			children = (
				47AD303B1FB6315500A911D9 /* Base */,
			);
			name = Main.storyboard;
			sourceTree = "<group>";
		};
		47AD303F1FB6315500A911D9 /* LaunchScreen.storyboard */ = {
			isa = PBXVariantGroup;
			children = (
				47AD30401FB6315500A911D9 /* Base */,
			);
			name = LaunchScreen.storyboard;
			sourceTree = "<group>";
		};
/* End PBXVariantGroup section */

/* Begin XCBuildConfiguration section */
		47AD304E1FB6315600A911D9 /* Debug */ = {
			isa = XCBuildConfiguration;
			buildSettings = {
				ALWAYS_SEARCH_USER_PATHS = NO;
				CLANG_ANALYZER_NONNULL = YES;
				CLANG_ANALYZER_NUMBER_OBJECT_CONVERSION = YES_AGGRESSIVE;
				CLANG_CXX_LANGUAGE_STANDARD = "gnu++14";
				CLANG_CXX_LIBRARY = "libc++";
				CLANG_ENABLE_MODULES = YES;
				CLANG_ENABLE_OBJC_ARC = YES;
				CLANG_WARN_BLOCK_CAPTURE_AUTORELEASING = YES;
				CLANG_WARN_BOOL_CONVERSION = YES;
				CLANG_WARN_COMMA = YES;
				CLANG_WARN_CONSTANT_CONVERSION = YES;
				CLANG_WARN_DIRECT_OBJC_ISA_USAGE = YES_ERROR;
				CLANG_WARN_DOCUMENTATION_COMMENTS = YES;
				CLANG_WARN_EMPTY_BODY = YES;
				CLANG_WARN_ENUM_CONVERSION = YES;
				CLANG_WARN_INFINITE_RECURSION = YES;
				CLANG_WARN_INT_CONVERSION = YES;
				CLANG_WARN_NON_LITERAL_NULL_CONVERSION = YES;
				CLANG_WARN_OBJC_LITERAL_CONVERSION = YES;
				CLANG_WARN_OBJC_ROOT_CLASS = YES_ERROR;
				CLANG_WARN_RANGE_LOOP_ANALYSIS = YES;
				CLANG_WARN_STRICT_PROTOTYPES = YES;
				CLANG_WARN_SUSPICIOUS_MOVE = YES;
				CLANG_WARN_UNGUARDED_AVAILABILITY = YES_AGGRESSIVE;
				CLANG_WARN_UNREACHABLE_CODE = YES;
				CLANG_WARN__DUPLICATE_METHOD_MATCH = YES;
				CODE_SIGN_IDENTITY = "iPhone Developer";
				COPY_PHASE_STRIP = NO;
				DEBUG_INFORMATION_FORMAT = dwarf;
				ENABLE_STRICT_OBJC_MSGSEND = YES;
				ENABLE_TESTABILITY = YES;
				GCC_C_LANGUAGE_STANDARD = gnu11;
				GCC_DYNAMIC_NO_PIC = NO;
				GCC_NO_COMMON_BLOCKS = YES;
				GCC_OPTIMIZATION_LEVEL = 0;
				GCC_PREPROCESSOR_DEFINITIONS = (
					"DEBUG=1",
					"$(inherited)",
				);
				GCC_WARN_64_TO_32_BIT_CONVERSION = YES;
				GCC_WARN_ABOUT_RETURN_TYPE = YES_ERROR;
				GCC_WARN_UNDECLARED_SELECTOR = YES;
				GCC_WARN_UNINITIALIZED_AUTOS = YES_AGGRESSIVE;
				GCC_WARN_UNUSED_FUNCTION = YES;
				GCC_WARN_UNUSED_VARIABLE = YES;
				IPHONEOS_DEPLOYMENT_TARGET = 11.1;
				MTL_ENABLE_DEBUG_INFO = YES;
				ONLY_ACTIVE_ARCH = YES;
				SDKROOT = iphoneos;
				SWIFT_ACTIVE_COMPILATION_CONDITIONS = DEBUG;
				SWIFT_OPTIMIZATION_LEVEL = "-Onone";
			};
			name = Debug;
		};
		47AD304F1FB6315600A911D9 /* Release */ = {
			isa = XCBuildConfiguration;
			buildSettings = {
				ALWAYS_SEARCH_USER_PATHS = NO;
				CLANG_ANALYZER_NONNULL = YES;
				CLANG_ANALYZER_NUMBER_OBJECT_CONVERSION = YES_AGGRESSIVE;
				CLANG_CXX_LANGUAGE_STANDARD = "gnu++14";
				CLANG_CXX_LIBRARY = "libc++";
				CLANG_ENABLE_MODULES = YES;
				CLANG_ENABLE_OBJC_ARC = YES;
				CLANG_WARN_BLOCK_CAPTURE_AUTORELEASING = YES;
				CLANG_WARN_BOOL_CONVERSION = YES;
				CLANG_WARN_COMMA = YES;
				CLANG_WARN_CONSTANT_CONVERSION = YES;
				CLANG_WARN_DIRECT_OBJC_ISA_USAGE = YES_ERROR;
				CLANG_WARN_DOCUMENTATION_COMMENTS = YES;
				CLANG_WARN_EMPTY_BODY = YES;
				CLANG_WARN_ENUM_CONVERSION = YES;
				CLANG_WARN_INFINITE_RECURSION = YES;
				CLANG_WARN_INT_CONVERSION = YES;
				CLANG_WARN_NON_LITERAL_NULL_CONVERSION = YES;
				CLANG_WARN_OBJC_LITERAL_CONVERSION = YES;
				CLANG_WARN_OBJC_ROOT_CLASS = YES_ERROR;
				CLANG_WARN_RANGE_LOOP_ANALYSIS = YES;
				CLANG_WARN_STRICT_PROTOTYPES = YES;
				CLANG_WARN_SUSPICIOUS_MOVE = YES;
				CLANG_WARN_UNGUARDED_AVAILABILITY = YES_AGGRESSIVE;
				CLANG_WARN_UNREACHABLE_CODE = YES;
				CLANG_WARN__DUPLICATE_METHOD_MATCH = YES;
				CODE_SIGN_IDENTITY = "iPhone Developer";
				COPY_PHASE_STRIP = NO;
				DEBUG_INFORMATION_FORMAT = "dwarf-with-dsym";
				ENABLE_NS_ASSERTIONS = NO;
				ENABLE_STRICT_OBJC_MSGSEND = YES;
				GCC_C_LANGUAGE_STANDARD = gnu11;
				GCC_NO_COMMON_BLOCKS = YES;
				GCC_WARN_64_TO_32_BIT_CONVERSION = YES;
				GCC_WARN_ABOUT_RETURN_TYPE = YES_ERROR;
				GCC_WARN_UNDECLARED_SELECTOR = YES;
				GCC_WARN_UNINITIALIZED_AUTOS = YES_AGGRESSIVE;
				GCC_WARN_UNUSED_FUNCTION = YES;
				GCC_WARN_UNUSED_VARIABLE = YES;
				IPHONEOS_DEPLOYMENT_TARGET = 11.1;
				MTL_ENABLE_DEBUG_INFO = NO;
				SDKROOT = iphoneos;
				SWIFT_OPTIMIZATION_LEVEL = "-Owholemodule";
				VALIDATE_PRODUCT = YES;
			};
			name = Release;
		};
		47AD30511FB6315600A911D9 /* Debug */ = {
			isa = XCBuildConfiguration;
			buildSettings = {
				ASSETCATALOG_COMPILER_APPICON_NAME = AppIcon;
				CODE_SIGN_STYLE = Automatic;
				DEVELOPMENT_TEAM = 79964U8894;
				INFOPLIST_FILE = BoardTimer/Info.plist;
				IPHONEOS_DEPLOYMENT_TARGET = 11.0;
				LD_RUNPATH_SEARCH_PATHS = "$(inherited) @executable_path/Frameworks";
				PRODUCT_BUNDLE_IDENTIFIER = tiago.maia.BoardTimer;
				PRODUCT_NAME = "$(TARGET_NAME)";
				SWIFT_VERSION = 4.0;
				TARGETED_DEVICE_FAMILY = "1,2";
			};
			name = Debug;
		};
		47AD30521FB6315600A911D9 /* Release */ = {
			isa = XCBuildConfiguration;
			buildSettings = {
				ASSETCATALOG_COMPILER_APPICON_NAME = AppIcon;
				CODE_SIGN_STYLE = Automatic;
				DEVELOPMENT_TEAM = 79964U8894;
				INFOPLIST_FILE = BoardTimer/Info.plist;
				IPHONEOS_DEPLOYMENT_TARGET = 11.0;
				LD_RUNPATH_SEARCH_PATHS = "$(inherited) @executable_path/Frameworks";
				PRODUCT_BUNDLE_IDENTIFIER = tiago.maia.BoardTimer;
				PRODUCT_NAME = "$(TARGET_NAME)";
				SWIFT_VERSION = 4.0;
				TARGETED_DEVICE_FAMILY = "1,2";
			};
			name = Release;
		};
		47AD30541FB6315600A911D9 /* Debug */ = {
			isa = XCBuildConfiguration;
			buildSettings = {
				ALWAYS_EMBED_SWIFT_STANDARD_LIBRARIES = YES;
				BUNDLE_LOADER = "$(TEST_HOST)";
				CODE_SIGN_STYLE = Automatic;
				DEVELOPMENT_TEAM = 79964U8894;
				INFOPLIST_FILE = BoardTimerTests/Info.plist;
				LD_RUNPATH_SEARCH_PATHS = "$(inherited) @executable_path/Frameworks @loader_path/Frameworks";
				PRODUCT_BUNDLE_IDENTIFIER = tiago.maia.BoardTimerTests;
				PRODUCT_NAME = "$(TARGET_NAME)";
				SWIFT_VERSION = 4.0;
				TARGETED_DEVICE_FAMILY = "1,2";
				TEST_HOST = "$(BUILT_PRODUCTS_DIR)/BoardTimer.app/BoardTimer";
			};
			name = Debug;
		};
		47AD30551FB6315600A911D9 /* Release */ = {
			isa = XCBuildConfiguration;
			buildSettings = {
				ALWAYS_EMBED_SWIFT_STANDARD_LIBRARIES = YES;
				BUNDLE_LOADER = "$(TEST_HOST)";
				CODE_SIGN_STYLE = Automatic;
				DEVELOPMENT_TEAM = 79964U8894;
				INFOPLIST_FILE = BoardTimerTests/Info.plist;
				LD_RUNPATH_SEARCH_PATHS = "$(inherited) @executable_path/Frameworks @loader_path/Frameworks";
				PRODUCT_BUNDLE_IDENTIFIER = tiago.maia.BoardTimerTests;
				PRODUCT_NAME = "$(TARGET_NAME)";
				SWIFT_VERSION = 4.0;
				TARGETED_DEVICE_FAMILY = "1,2";
				TEST_HOST = "$(BUILT_PRODUCTS_DIR)/BoardTimer.app/BoardTimer";
			};
			name = Release;
		};
/* End XCBuildConfiguration section */

/* Begin XCConfigurationList section */
		47AD302E1FB6315500A911D9 /* Build configuration list for PBXProject "BoardTimer" */ = {
			isa = XCConfigurationList;
			buildConfigurations = (
				47AD304E1FB6315600A911D9 /* Debug */,
				47AD304F1FB6315600A911D9 /* Release */,
			);
			defaultConfigurationIsVisible = 0;
			defaultConfigurationName = Release;
		};
		47AD30501FB6315600A911D9 /* Build configuration list for PBXNativeTarget "BoardTimer" */ = {
			isa = XCConfigurationList;
			buildConfigurations = (
				47AD30511FB6315600A911D9 /* Debug */,
				47AD30521FB6315600A911D9 /* Release */,
			);
			defaultConfigurationIsVisible = 0;
			defaultConfigurationName = Release;
		};
		47AD30531FB6315600A911D9 /* Build configuration list for PBXNativeTarget "BoardTimerTests" */ = {
			isa = XCConfigurationList;
			buildConfigurations = (
				47AD30541FB6315600A911D9 /* Debug */,
				47AD30551FB6315600A911D9 /* Release */,
			);
			defaultConfigurationIsVisible = 0;
			defaultConfigurationName = Release;
		};
/* End XCConfigurationList section */
	};
	rootObject = 47AD302B1FB6315500A911D9 /* Project object */;
}
